{
  "requires": true,
  "lockfileVersion": 1,
  "dependencies": {
    "flatpickr": {
      "version": "1.9.1",
      "resolved": "https://registry.npmjs.org/flatpickr/-/flatpickr-1.9.1.tgz",
      "integrity": "sha1-am+N6kp11O+eS5KotQ3nUzrifas="
    },
    "jquery": {
      "version": "3.5.1",
      "resolved": "https://registry.npmjs.org/jquery/-/jquery-3.5.1.tgz",
      "integrity": "sha512-XwIBPqcMn57FxfT+Go5pzySnm4KWkT1Tv7gjrpT1srtf8Weynl6R273VJ5GjkRb51IzMp5nbaPjJXMWeju2MKg=="
    },
    "slickgrid-es6": {
      "version": "3.0.3",
      "resolved": "https://registry.npmjs.org/slickgrid-es6/-/slickgrid-es6-3.0.3.tgz",
      "integrity": "sha512-l/ISKIS8lJv9S6kGlz6q64GrPoGIVKyuq3cljF0ySttqcw2qPiWnNZit8PPEWL5E+CG4/yK+iP2mpQ7vkfL9Cg==",
      "requires": {
        "flatpickr": "^1.9.1",
        "jquery": "^3.4.1"
      }
    }
  }
}
